# THIS IS AN AUTOGENERATED FILE. DO NOT EDIT THIS FILE DIRECTLY.
# yarn lockfile v1


"@dags/core@^0.3":
  version "0.3.0"
  resolved "https://registry.npmjs.org/@dags/core/-/core-0.3.0.tgz#50085a9f00857654052d388ff18e0888b3a58b6b"
  integrity sha512-SEzwVGmDDaGcM7hVBsJB+oizmhbxyoE6Y6SBmuCUnjZgPS5bIsVc/cttwA9MxVAsKLSa9AEmK/ggm/+Q/MBR1A==
  dependencies:
    "@dags/dag" "^0.x"
    "@dags/uid-counter" "^0.x"
    "@dags/uid-uuid" "^0.x"

"@dags/dag@^0.x":
  version "0.3.0"
  resolved "https://registry.npmjs.org/@dags/dag/-/dag-0.3.0.tgz#e3f6cea20afd207e97010948401e8b269d176532"
  integrity sha512-ONh3pQAa7naD5tDC9mqOyMMPXoetQFVwc1gvDlii8oxlAqBjeNC1UVKfiztHcUAsX7qyEq15y3ttHt1lZVJr3A==

"@dags/uid-counter@^0.x":
  version "0.3.0"
  resolved "https://registry.npmjs.org/@dags/uid-counter/-/uid-counter-0.3.0.tgz#a4f218dafd86b40ed86d5275947088164c51d6f0"
  integrity sha512-gW2FbyC7S6Q7ZmIO2txxh19AxA8a0JdysUwxDrox/R6ME8yRYNGvmB/ToMT2lskuGFBdSAakn52x9o2RzqmEDw==

"@dags/uid-uuid@^0.x":
  version "0.3.0"
  resolved "https://registry.npmjs.org/@dags/uid-uuid/-/uid-uuid-0.3.0.tgz#995e23ffcde95e002cd547adc65489ed31839d6e"
  integrity sha512-YzFssFX2rApMhykBbVYBdLRIewBFLhBKljXW3KkindgnSj/dWHigb8ht1e0Ul653GVuL3wg/srurF3DYqO4bmw==
  dependencies:
    "@types/uuid" "^8.3.0"
    uuid "^8.3.1"

"@types/node@^14.0.26":
  version "14.11.8"
  resolved "https://registry.npmjs.org/@types/node/-/node-14.11.8.tgz#fe2012f2355e4ce08bca44aeb3abbb21cf88d33f"
  integrity sha512-KPcKqKm5UKDkaYPTuXSx8wEP7vE9GnuaXIZKijwRYcePpZFDVuy2a57LarFKiORbHOuTOOwYzxVxcUzsh2P2Pw==

"@types/uuid@^8.3.0":
  version "8.3.0"
  resolved "https://registry.npmjs.org/@types/uuid/-/uuid-8.3.0.tgz#215c231dff736d5ba92410e6d602050cce7e273f"
  integrity sha512-eQ9qFW/fhfGJF8WKHGEHZEyVWfZxrT+6CLIJGBcZPfxUh/+BnEj+UCGYMlr9qZuX/2AltsvwrGqp0LhEW8D0zQ==

uuid@^8.3.1:
  version "8.3.1"
  resolved "https://registry.npmjs.org/uuid/-/uuid-8.3.1.tgz#2ba2e6ca000da60fce5a196954ab241131e05a31"
  integrity sha512-FOmRr+FmWEIG8uhZv6C2bTgEVXsHk08kE7mPlrBbEe+c3r9pjceVPgupIfNIhc4yx55H69OXANrUaSuu9eInKg==
