# THIS IS AN AUTOGENERATED FILE. DO NOT EDIT THIS FILE DIRECTLY.
# yarn lockfile v1


"@dags/core@^0.x":
  version "0.4.2"
  resolved "https://registry.npmjs.org/@dags/core/-/core-0.4.2.tgz#6bef4ec94ce11d199076b8c34086a5bd1b51f638"
  integrity sha512-Maag81HOtHHD+MwnLPknkgiPLUJZOttH3dbD98FLdYD6nqHqYenQB4AgdCrlBwht/UFFHGcbC763nQbVmFuLzw==
  dependencies:
    "@dags/dag" "^0.4.1"
    "@dags/uid-counter" "^0.4.2"
    "@dags/uid-uuid" "^0.4.2"

"@dags/dag@^0.4.1":
  version "0.4.1"
  resolved "https://registry.npmjs.org/@dags/dag/-/dag-0.4.1.tgz#f42d95dbc28651707dbcf289d8e3bfe2fd420d22"
  integrity sha512-uR706PApV/ilufoWnjXttgdA2bRjENJb4569rI605ZqdOV4coJVBLwcXAdqm2z19rgZIn7K1YqgogMnJvyaFLQ==

"@dags/uid-counter@^0.4.2":
  version "0.4.2"
  resolved "https://registry.npmjs.org/@dags/uid-counter/-/uid-counter-0.4.2.tgz#b9f618e012b5df8f5e9b71ae42c59cc86382d1d8"
  integrity sha512-e0gNbpUNlbTt+gNPIWxRZ1oRkHYYIDQqtGfbrlbpQjgwb7jbMo/D5LiDOdyDqgn8ZuPpB49VUtEe7wL+XNkjRQ==

"@dags/uid-uuid@^0.4.2":
  version "0.4.2"
  resolved "https://registry.npmjs.org/@dags/uid-uuid/-/uid-uuid-0.4.2.tgz#02ca5ee36bda6ab0b7e0b59cbebd7aac16ff057b"
  integrity sha512-iFTWLc06YZrBPy5IpGUVWGIT6LkX7bwjRFBULrJi9h0Mhd+Ojp4HRyaMyz5P2eO6Wf9EImu/h6n4wYIV2neg3Q==
  dependencies:
    "@types/uuid" "^8.3.0"
    uuid "^8.3.1"

"@types/node@^14.0.26":
  version "14.14.6"
  resolved "https://registry.npmjs.org/@types/node/-/node-14.14.6.tgz#146d3da57b3c636cc0d1769396ce1cfa8991147f"
  integrity sha512-6QlRuqsQ/Ox/aJEQWBEJG7A9+u7oSYl3mem/K8IzxXG/kAGbV1YPD9Bg9Zw3vyxC/YP+zONKwy8hGkSt1jxFMw==

"@types/uuid@^8.3.0":
  version "8.3.0"
  resolved "https://registry.npmjs.org/@types/uuid/-/uuid-8.3.0.tgz#215c231dff736d5ba92410e6d602050cce7e273f"
  integrity sha512-eQ9qFW/fhfGJF8WKHGEHZEyVWfZxrT+6CLIJGBcZPfxUh/+BnEj+UCGYMlr9qZuX/2AltsvwrGqp0LhEW8D0zQ==

uuid@^8.3.1:
  version "8.3.1"
  resolved "https://registry.npmjs.org/uuid/-/uuid-8.3.1.tgz#2ba2e6ca000da60fce5a196954ab241131e05a31"
  integrity sha512-FOmRr+FmWEIG8uhZv6C2bTgEVXsHk08kE7mPlrBbEe+c3r9pjceVPgupIfNIhc4yx55H69OXANrUaSuu9eInKg==
