# THIS IS AN AUTOGENERATED FILE. DO NOT EDIT THIS FILE DIRECTLY.
# yarn lockfile v1


"@dags/core@^0.2":
  version "0.2.0"
  resolved "https://registry.npmjs.org/@dags/core/-/core-0.2.0.tgz#6e230c01cea65a098b5dbe364c850531ba442c31"
  integrity sha512-UL8aNmLnmPZJstG8czYWKqdhbDFmdtaKNNFWHnFbIfT0ASQJalop/RFwoT8CXgUoJ17OOJqTYhuokhm/bfHv0w==
  dependencies:
    "@dags/dag" "^0.2.12"
    "@dags/uid-counter" "^0.2.14"
    "@dags/uid-uuid" "^0.2.14"

"@dags/dag@^0.2.12":
  version "0.2.12"
  resolved "https://registry.npmjs.org/@dags/dag/-/dag-0.2.12.tgz#3a942b6755989dc6e1cac096c0ad3b47d01b3853"
  integrity sha512-maW0g8AR+mUH4OnNPgvvGJnHMHDTrO75rR0feT3OgD/Vf0Px3jNATADFQLQGxmvZkFSMskDuWAu5MS8x/dpS7A==

"@dags/uid-counter@^0.2.14":
  version "0.2.14"
  resolved "https://registry.npmjs.org/@dags/uid-counter/-/uid-counter-0.2.14.tgz#32b42577ee6127c8b9dd56dd4b51a7c016d93002"
  integrity sha512-GU96QTN/xUfT2bleDEIltprerFyUN2fag97DcMDfl4hlfEYy982aztkS1jyzinuaE6kmOnr0lrtVwmMttArb9g==

"@dags/uid-uuid@^0.2.14":
  version "0.2.14"
  resolved "https://registry.npmjs.org/@dags/uid-uuid/-/uid-uuid-0.2.14.tgz#b7451c5c2d99fee5fc8eaabec1551ef28f94608d"
  integrity sha512-ZvHhZRllBZo2BEmYiHZtAhut/YWiney9Z5UsCktICSM8SymiOwWk0cYoNYuOpVjOzgJ8KKtSaI8bc04x+iruzQ==
  dependencies:
    "@types/uuid" "^8.3.0"
    uuid "^8.3.1"

"@types/node@^14.0.26":
  version "14.11.8"
  resolved "https://registry.npmjs.org/@types/node/-/node-14.11.8.tgz#fe2012f2355e4ce08bca44aeb3abbb21cf88d33f"
  integrity sha512-KPcKqKm5UKDkaYPTuXSx8wEP7vE9GnuaXIZKijwRYcePpZFDVuy2a57LarFKiORbHOuTOOwYzxVxcUzsh2P2Pw==

"@types/uuid@^8.3.0":
  version "8.3.0"
  resolved "https://registry.npmjs.org/@types/uuid/-/uuid-8.3.0.tgz#215c231dff736d5ba92410e6d602050cce7e273f"
  integrity sha512-eQ9qFW/fhfGJF8WKHGEHZEyVWfZxrT+6CLIJGBcZPfxUh/+BnEj+UCGYMlr9qZuX/2AltsvwrGqp0LhEW8D0zQ==

uuid@^8.3.1:
  version "8.3.1"
  resolved "https://registry.npmjs.org/uuid/-/uuid-8.3.1.tgz#2ba2e6ca000da60fce5a196954ab241131e05a31"
  integrity sha512-FOmRr+FmWEIG8uhZv6C2bTgEVXsHk08kE7mPlrBbEe+c3r9pjceVPgupIfNIhc4yx55H69OXANrUaSuu9eInKg==
